// !$*UTF8*$!
{
	archiveVersion = 1;
	classes = {
	};
	objectVersion = 56;
	objects = {

/* Begin PBXBuildFile section */
		1142B8AA2CE10E580032BDEF /* a2.json in Resources */ = {isa = PBXBuildFile; fileRef = 1142B8A72CE10E580032BDEF /* a2.json */; };
		1142B8AB2CE10E580032BDEF /* a3.json in Resources */ = {isa = PBXBuildFile; fileRef = 1142B8A82CE10E580032BDEF /* a3.json */; };
		1142B8AD2CE11A670032BDEF /* sy.json in Resources */ = {isa = PBXBuildFile; fileRef = 1142B8AC2CE11A670032BDEF /* sy.json */; };
		119F1AB72CDD35E500799AE2 /* AppDelegate.swift in Sources */ = {isa = PBXBuildFile; fileRef = 119F1AB62CDD35E500799AE2 /* AppDelegate.swift */; };
		119F1AB92CDD35E500799AE2 /* SceneDelegate.swift in Sources */ = {isa = PBXBuildFile; fileRef = 119F1AB82CDD35E500799AE2 /* SceneDelegate.swift */; };
		119F1AC12CDD35E500799AE2 /* firstSlider.xcdatamodeld in Sources */ = {isa = PBXBuildFile; fileRef = 119F1ABF2CDD35E500799AE2 /* firstSlider.xcdatamodeld */; };
		119F1AC32CDD35E600799AE2 /* Assets.xcassets in Resources */ = {isa = PBXBuildFile; fileRef = 119F1AC22CDD35E600799AE2 /* Assets.xcassets */; };
		119F1AC62CDD35E600799AE2 /* Base in Resources */ = {isa = PBXBuildFile; fileRef = 119F1AC52CDD35E600799AE2 /* Base */; };
		119F1ACE2CDD367200799AE2 /* SliderVC.swift in Sources */ = {isa = PBXBuildFile; fileRef = 119F1ACD2CDD367200799AE2 /* SliderVC.swift */; };
		11B632632CDE307400CF7C79 /* SliderCell.swift in Sources */ = {isa = PBXBuildFile; fileRef = 11B632622CDE307400CF7C79 /* SliderCell.swift */; };
		11B632662CDE429800CF7C79 /* Lottie in Frameworks */ = {isa = PBXBuildFile; productRef = 11B632652CDE429800CF7C79 /* Lottie */; };
/* End PBXBuildFile section */

/* Begin PBXFileReference section */
		1142B8A72CE10E580032BDEF /* a2.json */ = {isa = PBXFileReference; fileEncoding = 4; lastKnownFileType = text.json; name = a2.json; path = ../../../../../Downloads/a2.json; sourceTree = "<group>"; };
		1142B8A82CE10E580032BDEF /* a3.json */ = {isa = PBXFileReference; fileEncoding = 4; lastKnownFileType = text.json; name = a3.json; path = ../../../../../Downloads/a3.json; sourceTree = "<group>"; };
		1142B8AC2CE11A670032BDEF /* sy.json */ = {isa = PBXFileReference; fileEncoding = 4; lastKnownFileType = text.json; name = sy.json; path = ../../../../../Downloads/sy.json; sourceTree = "<group>"; };
		119F1AB32CDD35E500799AE2 /* firstSlider.app */ = {isa = PBXFileReference; explicitFileType = wrapper.application; includeInIndex = 0; path = firstSlider.app; sourceTree = BUILT_PRODUCTS_DIR; };
		119F1AB62CDD35E500799AE2 /* AppDelegate.swift */ = {isa = PBXFileReference; lastKnownFileType = sourcecode.swift; path = AppDelegate.swift; sourceTree = "<group>"; };
		119F1AB82CDD35E500799AE2 /* SceneDelegate.swift */ = {isa = PBXFileReference; lastKnownFileType = sourcecode.swift; path = SceneDelegate.swift; sourceTree = "<group>"; };
		119F1AC02CDD35E500799AE2 /* firstSlider.xcdatamodel */ = {isa = PBXFileReference; lastKnownFileType = wrapper.xcdatamodel; path = firstSlider.xcdatamodel; sourceTree = "<group>"; };
		119F1AC22CDD35E600799AE2 /* Assets.xcassets */ = {isa = PBXFileReference; lastKnownFileType = folder.assetcatalog; path = Assets.xcassets; sourceTree = "<group>"; };
		119F1AC52CDD35E600799AE2 /* Base */ = {isa = PBXFileReference; lastKnownFileType = file.storyboard; name = Base; path = Base.lproj/LaunchScreen.storyboard; sourceTree = "<group>"; };
		119F1AC72CDD35E600799AE2 /* Info.plist */ = {isa = PBXFileReference; lastKnownFileType = text.plist.xml; path = Info.plist; sourceTree = "<group>"; };
		119F1ACD2CDD367200799AE2 /* SliderVC.swift */ = {isa = PBXFileReference; lastKnownFileType = sourcecode.swift; path = SliderVC.swift; sourceTree = "<group>"; };
		11B632622CDE307400CF7C79 /* SliderCell.swift */ = {isa = PBXFileReference; lastKnownFileType = sourcecode.swift; path = SliderCell.swift; sourceTree = "<group>"; };
/* End PBXFileReference section */

/* Begin PBXFrameworksBuildPhase section */
		119F1AB02CDD35E500799AE2 /* Frameworks */ = {
			isa = PBXFrameworksBuildPhase;
			buildActionMask = 2147483647;
			files = (
				11B632662CDE429800CF7C79 /* Lottie in Frameworks */,
			);
			runOnlyForDeploymentPostprocessing = 0;
		};
/* End PBXFrameworksBuildPhase section */

/* Begin PBXGroup section */
		119F1AAA2CDD35E500799AE2 = {
			isa = PBXGroup;
			children = (
				119F1AB52CDD35E500799AE2 /* firstSlider */,
				119F1AB42CDD35E500799AE2 /* Products */,
			);
			sourceTree = "<group>";
		};
		119F1AB42CDD35E500799AE2 /* Products */ = {
			isa = PBXGroup;
			children = (
				119F1AB32CDD35E500799AE2 /* firstSlider.app */,
			);
			name = Products;
			sourceTree = "<group>";
		};
		119F1AB52CDD35E500799AE2 /* firstSlider */ = {
			isa = PBXGroup;
			children = (
				119F1AB62CDD35E500799AE2 /* AppDelegate.swift */,
				119F1AB82CDD35E500799AE2 /* SceneDelegate.swift */,
				119F1ACD2CDD367200799AE2 /* SliderVC.swift */,
				11B632622CDE307400CF7C79 /* SliderCell.swift */,
				119F1AC22CDD35E600799AE2 /* Assets.xcassets */,
				119F1AC42CDD35E600799AE2 /* LaunchScreen.storyboard */,
				119F1AC72CDD35E600799AE2 /* Info.plist */,
				119F1ABF2CDD35E500799AE2 /* firstSlider.xcdatamodeld */,
				1142B8AC2CE11A670032BDEF /* sy.json */,
				1142B8A72CE10E580032BDEF /* a2.json */,
				1142B8A82CE10E580032BDEF /* a3.json */,
			);
			path = firstSlider;
			sourceTree = "<group>";
		};
/* End PBXGroup section */

/* Begin PBXNativeTarget section */
		119F1AB22CDD35E500799AE2 /* firstSlider */ = {
			isa = PBXNativeTarget;
			buildConfigurationList = 119F1ACA2CDD35E600799AE2 /* Build configuration list for PBXNativeTarget "firstSlider" */;
			buildPhases = (
				119F1AAF2CDD35E500799AE2 /* Sources */,
				119F1AB02CDD35E500799AE2 /* Frameworks */,
				119F1AB12CDD35E500799AE2 /* Resources */,
			);
			buildRules = (
			);
			dependencies = (
			);
			name = firstSlider;
			packageProductDependencies = (
				11B632652CDE429800CF7C79 /* Lottie */,
			);
			productName = firstSlider;
			productReference = 119F1AB32CDD35E500799AE2 /* firstSlider.app */;
			productType = "com.apple.product-type.application";
		};
/* End PBXNativeTarget section */

/* Begin PBXProject section */
		119F1AAB2CDD35E500799AE2 /* Project object */ = {
			isa = PBXProject;
			attributes = {
				BuildIndependentTargetsInParallel = 1;
				LastSwiftUpdateCheck = 1540;
				LastUpgradeCheck = 1540;
				TargetAttributes = {
					119F1AB22CDD35E500799AE2 = {
						CreatedOnToolsVersion = 15.4;
					};
				};
			};
			buildConfigurationList = 119F1AAE2CDD35E500799AE2 /* Build configuration list for PBXProject "firstSlider" */;
			compatibilityVersion = "Xcode 14.0";
			developmentRegion = en;
			hasScannedForEncodings = 0;
			knownRegions = (
				en,
				Base,
			);
			mainGroup = 119F1AAA2CDD35E500799AE2;
			packageReferences = (
				11B632642CDE429800CF7C79 /* XCRemoteSwiftPackageReference "lottie-ios" */,
			);
			productRefGroup = 119F1AB42CDD35E500799AE2 /* Products */;
			projectDirPath = "";
			projectRoot = "";
			targets = (
				119F1AB22CDD35E500799AE2 /* firstSlider */,
			);
		};
/* End PBXProject section */

/* Begin PBXResourcesBuildPhase section */
		119F1AB12CDD35E500799AE2 /* Resources */ = {
			isa = PBXResourcesBuildPhase;
			buildActionMask = 2147483647;
			files = (
				119F1AC32CDD35E600799AE2 /* Assets.xcassets in Resources */,
				1142B8AA2CE10E580032BDEF /* a2.json in Resources */,
				1142B8AD2CE11A670032BDEF /* sy.json in Resources */,
				119F1AC62CDD35E600799AE2 /* Base in Resources */,
				1142B8AB2CE10E580032BDEF /* a3.json in Resources */,
			);
			runOnlyForDeploymentPostprocessing = 0;
		};
/* End PBXResourcesBuildPhase section */

/* Begin PBXSourcesBuildPhase section */
		119F1AAF2CDD35E500799AE2 /* Sources */ = {
			isa = PBXSourcesBuildPhase;
			buildActionMask = 2147483647;
			files = (
				119F1AB72CDD35E500799AE2 /* AppDelegate.swift in Sources */,
				11B632632CDE307400CF7C79 /* SliderCell.swift in Sources */,
				119F1ACE2CDD367200799AE2 /* SliderVC.swift in Sources */,
				119F1AB92CDD35E500799AE2 /* SceneDelegate.swift in Sources */,
				119F1AC12CDD35E500799AE2 /* firstSlider.xcdatamodeld in Sources */,
			);
			runOnlyForDeploymentPostprocessing = 0;
		};
/* End PBXSourcesBuildPhase section */

/* Begin PBXVariantGroup section */
		119F1AC42CDD35E600799AE2 /* LaunchScreen.storyboard */ = {
			isa = PBXVariantGroup;
			children = (
				119F1AC52CDD35E600799AE2 /* Base */,
			);
			name = LaunchScreen.storyboard;
			sourceTree = "<group>";
		};
/* End PBXVariantGroup section */

/* Begin XCBuildConfiguration section */
		119F1AC82CDD35E600799AE2 /* Debug */ = {
			isa = XCBuildConfiguration;
			buildSettings = {
				ALWAYS_SEARCH_USER_PATHS = NO;
				ASSETCATALOG_COMPILER_GENERATE_SWIFT_ASSET_SYMBOL_EXTENSIONS = YES;
				CLANG_ANALYZER_NONNULL = YES;
				CLANG_ANALYZER_NUMBER_OBJECT_CONVERSION = YES_AGGRESSIVE;
				CLANG_CXX_LANGUAGE_STANDARD = "gnu++20";
				CLANG_ENABLE_MODULES = YES;
				CLANG_ENABLE_OBJC_ARC = YES;
				CLANG_ENABLE_OBJC_WEAK = YES;
				CLANG_WARN_BLOCK_CAPTURE_AUTORELEASING = YES;
				CLANG_WARN_BOOL_CONVERSION = YES;
				CLANG_WARN_COMMA = YES;
				CLANG_WARN_CONSTANT_CONVERSION = YES;
				CLANG_WARN_DEPRECATED_OBJC_IMPLEMENTATIONS = YES;
				CLANG_WARN_DIRECT_OBJC_ISA_USAGE = YES_ERROR;
				CLANG_WARN_DOCUMENTATION_COMMENTS = YES;
				CLANG_WARN_EMPTY_BODY = YES;
				CLANG_WARN_ENUM_CONVERSION = YES;
				CLANG_WARN_INFINITE_RECURSION = YES;
				CLANG_WARN_INT_CONVERSION = YES;
				CLANG_WARN_NON_LITERAL_NULL_CONVERSION = YES;
				CLANG_WARN_OBJC_IMPLICIT_RETAIN_SELF = YES;
				CLANG_WARN_OBJC_LITERAL_CONVERSION = YES;
				CLANG_WARN_OBJC_ROOT_CLASS = YES_ERROR;
				CLANG_WARN_QUOTED_INCLUDE_IN_FRAMEWORK_HEADER = YES;
				CLANG_WARN_RANGE_LOOP_ANALYSIS = YES;
				CLANG_WARN_STRICT_PROTOTYPES = YES;
				CLANG_WARN_SUSPICIOUS_MOVE = YES;
				CLANG_WARN_UNGUARDED_AVAILABILITY = YES_AGGRESSIVE;
				CLANG_WARN_UNREACHABLE_CODE = YES;
				CLANG_WARN__DUPLICATE_METHOD_MATCH = YES;
				COPY_PHASE_STRIP = NO;
				DEBUG_INFORMATION_FORMAT = dwarf;
				ENABLE_STRICT_OBJC_MSGSEND = YES;
				ENABLE_TESTABILITY = YES;
				ENABLE_USER_SCRIPT_SANDBOXING = YES;
				GCC_C_LANGUAGE_STANDARD = gnu17;
				GCC_DYNAMIC_NO_PIC = NO;
				GCC_NO_COMMON_BLOCKS = YES;
				GCC_OPTIMIZATION_LEVEL = 0;
				GCC_PREPROCESSOR_DEFINITIONS = (
					"DEBUG=1",
					"$(inherited)",
				);
				GCC_WARN_64_TO_32_BIT_CONVERSION = YES;
				GCC_WARN_ABOUT_RETURN_TYPE = YES_ERROR;
				GCC_WARN_UNDECLARED_SELECTOR = YES;
				GCC_WARN_UNINITIALIZED_AUTOS = YES_AGGRESSIVE;
				GCC_WARN_UNUSED_FUNCTION = YES;
				GCC_WARN_UNUSED_VARIABLE = YES;
				IPHONEOS_DEPLOYMENT_TARGET = 15.0;
				LOCALIZATION_PREFERS_STRING_CATALOGS = YES;
				MTL_ENABLE_DEBUG_INFO = INCLUDE_SOURCE;
				MTL_FAST_MATH = YES;
				ONLY_ACTIVE_ARCH = YES;
				SDKROOT = iphoneos;
				SWIFT_ACTIVE_COMPILATION_CONDITIONS = "DEBUG $(inherited)";
				SWIFT_OPTIMIZATION_LEVEL = "-Onone";
			};
			name = Debug;
		};
		119F1AC92CDD35E600799AE2 /* Release */ = {
			isa = XCBuildConfiguration;
			buildSettings = {
				ALWAYS_SEARCH_USER_PATHS = NO;
				ASSETCATALOG_COMPILER_GENERATE_SWIFT_ASSET_SYMBOL_EXTENSIONS = YES;
				CLANG_ANALYZER_NONNULL = YES;
				CLANG_ANALYZER_NUMBER_OBJECT_CONVERSION = YES_AGGRESSIVE;
				CLANG_CXX_LANGUAGE_STANDARD = "gnu++20";
				CLANG_ENABLE_MODULES = YES;
				CLANG_ENABLE_OBJC_ARC = YES;
				CLANG_ENABLE_OBJC_WEAK = YES;
				CLANG_WARN_BLOCK_CAPTURE_AUTORELEASING = YES;
				CLANG_WARN_BOOL_CONVERSION = YES;
				CLANG_WARN_COMMA = YES;
				CLANG_WARN_CONSTANT_CONVERSION = YES;
				CLANG_WARN_DEPRECATED_OBJC_IMPLEMENTATIONS = YES;
				CLANG_WARN_DIRECT_OBJC_ISA_USAGE = YES_ERROR;
				CLANG_WARN_DOCUMENTATION_COMMENTS = YES;
				CLANG_WARN_EMPTY_BODY = YES;
				CLANG_WARN_ENUM_CONVERSION = YES;
				CLANG_WARN_INFINITE_RECURSION = YES;
				CLANG_WARN_INT_CONVERSION = YES;
				CLANG_WARN_NON_LITERAL_NULL_CONVERSION = YES;
				CLANG_WARN_OBJC_IMPLICIT_RETAIN_SELF = YES;
				CLANG_WARN_OBJC_LITERAL_CONVERSION = YES;
				CLANG_WARN_OBJC_ROOT_CLASS = YES_ERROR;
				CLANG_WARN_QUOTED_INCLUDE_IN_FRAMEWORK_HEADER = YES;
				CLANG_WARN_RANGE_LOOP_ANALYSIS = YES;
				CLANG_WARN_STRICT_PROTOTYPES = YES;
				CLANG_WARN_SUSPICIOUS_MOVE = YES;
				CLANG_WARN_UNGUARDED_AVAILABILITY = YES_AGGRESSIVE;
				CLANG_WARN_UNREACHABLE_CODE = YES;
				CLANG_WARN__DUPLICATE_METHOD_MATCH = YES;
				COPY_PHASE_STRIP = NO;
				DEBUG_INFORMATION_FORMAT = "dwarf-with-dsym";
				ENABLE_NS_ASSERTIONS = NO;
				ENABLE_STRICT_OBJC_MSGSEND = YES;
				ENABLE_USER_SCRIPT_SANDBOXING = YES;
				GCC_C_LANGUAGE_STANDARD = gnu17;
				GCC_NO_COMMON_BLOCKS = YES;
				GCC_WARN_64_TO_32_BIT_CONVERSION = YES;
				GCC_WARN_ABOUT_RETURN_TYPE = YES_ERROR;
				GCC_WARN_UNDECLARED_SELECTOR = YES;
				GCC_WARN_UNINITIALIZED_AUTOS = YES_AGGRESSIVE;
				GCC_WARN_UNUSED_FUNCTION = YES;
				GCC_WARN_UNUSED_VARIABLE = YES;
				IPHONEOS_DEPLOYMENT_TARGET = 15.0;
				LOCALIZATION_PREFERS_STRING_CATALOGS = YES;
				MTL_ENABLE_DEBUG_INFO = NO;
				MTL_FAST_MATH = YES;
				SDKROOT = iphoneos;
				SWIFT_COMPILATION_MODE = wholemodule;
				VALIDATE_PRODUCT = YES;
			};
			name = Release;
		};
		119F1ACB2CDD35E600799AE2 /* Debug */ = {
			isa = XCBuildConfiguration;
			buildSettings = {
				ASSETCATALOG_COMPILER_APPICON_NAME = AppIcon;
				ASSETCATALOG_COMPILER_GLOBAL_ACCENT_COLOR_NAME = AccentColor;
				CODE_SIGN_STYLE = Automatic;
				CURRENT_PROJECT_VERSION = 1;
				DEVELOPMENT_TEAM = 7G7C4P47W6;
				GENERATE_INFOPLIST_FILE = YES;
				INFOPLIST_FILE = firstSlider/Info.plist;
				INFOPLIST_KEY_UIApplicationSupportsIndirectInputEvents = YES;
				INFOPLIST_KEY_UILaunchStoryboardName = LaunchScreen;
				INFOPLIST_KEY_UISupportedInterfaceOrientations_iPad = "UIInterfaceOrientationPortrait UIInterfaceOrientationPortraitUpsideDown UIInterfaceOrientationLandscapeLeft UIInterfaceOrientationLandscapeRight";
				INFOPLIST_KEY_UISupportedInterfaceOrientations_iPhone = "UIInterfaceOrientationPortrait UIInterfaceOrientationLandscapeLeft UIInterfaceOrientationLandscapeRight";
				LD_RUNPATH_SEARCH_PATHS = (
					"$(inherited)",
					"@executable_path/Frameworks",
				);
				MARKETING_VERSION = 1.0;
				PRODUCT_BUNDLE_IDENTIFIER = "Oleksandr-Chmil.firstSlider";
				PRODUCT_NAME = "$(TARGET_NAME)";
				SWIFT_EMIT_LOC_STRINGS = YES;
				SWIFT_VERSION = 5.0;
				TARGETED_DEVICE_FAMILY = "1,2";
			};
			name = Debug;
		};
		119F1ACC2CDD35E600799AE2 /* Release */ = {
			isa = XCBuildConfiguration;
			buildSettings = {
				ASSETCATALOG_COMPILER_APPICON_NAME = AppIcon;
				ASSETCATALOG_COMPILER_GLOBAL_ACCENT_COLOR_NAME = AccentColor;
				CODE_SIGN_STYLE = Automatic;
				CURRENT_PROJECT_VERSION = 1;
				DEVELOPMENT_TEAM = 7G7C4P47W6;
				GENERATE_INFOPLIST_FILE = YES;
				INFOPLIST_FILE = firstSlider/Info.plist;
				INFOPLIST_KEY_UIApplicationSupportsIndirectInputEvents = YES;
				INFOPLIST_KEY_UILaunchStoryboardName = LaunchScreen;
				INFOPLIST_KEY_UISupportedInterfaceOrientations_iPad = "UIInterfaceOrientationPortrait UIInterfaceOrientationPortraitUpsideDown UIInterfaceOrientationLandscapeLeft UIInterfaceOrientationLandscapeRight";
				INFOPLIST_KEY_UISupportedInterfaceOrientations_iPhone = "UIInterfaceOrientationPortrait UIInterfaceOrientationLandscapeLeft UIInterfaceOrientationLandscapeRight";
				LD_RUNPATH_SEARCH_PATHS = (
					"$(inherited)",
					"@executable_path/Frameworks",
				);
				MARKETING_VERSION = 1.0;
				PRODUCT_BUNDLE_IDENTIFIER = "Oleksandr-Chmil.firstSlider";
				PRODUCT_NAME = "$(TARGET_NAME)";
				SWIFT_EMIT_LOC_STRINGS = YES;
				SWIFT_VERSION = 5.0;
				TARGETED_DEVICE_FAMILY = "1,2";
			};
			name = Release;
		};
/* End XCBuildConfiguration section */

/* Begin XCConfigurationList section */
		119F1AAE2CDD35E500799AE2 /* Build configuration list for PBXProject "firstSlider" */ = {
			isa = XCConfigurationList;
			buildConfigurations = (
				119F1AC82CDD35E600799AE2 /* Debug */,
				119F1AC92CDD35E600799AE2 /* Release */,
			);
			defaultConfigurationIsVisible = 0;
			defaultConfigurationName = Release;
		};
		119F1ACA2CDD35E600799AE2 /* Build configuration list for PBXNativeTarget "firstSlider" */ = {
			isa = XCConfigurationList;
			buildConfigurations = (
				119F1ACB2CDD35E600799AE2 /* Debug */,
				119F1ACC2CDD35E600799AE2 /* Release */,
			);
			defaultConfigurationIsVisible = 0;
			defaultConfigurationName = Release;
		};
/* End XCConfigurationList section */

/* Begin XCRemoteSwiftPackageReference section */
		11B632642CDE429800CF7C79 /* XCRemoteSwiftPackageReference "lottie-ios" */ = {
			isa = XCRemoteSwiftPackageReference;
			repositoryURL = "https://github.com/airbnb/lottie-ios";
			requirement = {
				kind = upToNextMajorVersion;
				minimumVersion = 4.5.0;
			};
		};
/* End XCRemoteSwiftPackageReference section */

/* Begin XCSwiftPackageProductDependency section */
		11B632652CDE429800CF7C79 /* Lottie */ = {
			isa = XCSwiftPackageProductDependency;
			package = 11B632642CDE429800CF7C79 /* XCRemoteSwiftPackageReference "lottie-ios" */;
			productName = Lottie;
		};
/* End XCSwiftPackageProductDependency section */

/* Begin XCVersionGroup section */
		119F1ABF2CDD35E500799AE2 /* firstSlider.xcdatamodeld */ = {
			isa = XCVersionGroup;
			children = (
				119F1AC02CDD35E500799AE2 /* firstSlider.xcdatamodel */,
			);
			currentVersion = 119F1AC02CDD35E500799AE2 /* firstSlider.xcdatamodel */;
			path = firstSlider.xcdatamodeld;
			sourceTree = "<group>";
			versionGroupType = wrapper.xcdatamodel;
		};
/* End XCVersionGroup section */
	};
	rootObject = 119F1AAB2CDD35E500799AE2 /* Project object */;
}
